
Microsoft Visual Studio Solution File, Format Version 12.00
# Visual Studio 15
VisualStudioVersion = 15.0.27428.2037
MinimumVisualStudioVersion = 10.0.40219.1
Project("{FAE04EC0-301F-11D3-BF4B-00C04F79EFBC}") = "project3", "project3\project3.csproj", "{E8E04AB4-8FF9-4665-8173-B6C70E7F49BD}"
EndProject
Project("{FAE04EC0-301F-11D3-BF4B-00C04F79EFBC}") = "RESTUtility", "RESTUtility\RESTUtility.csproj", "{116610B1-0B06-4C3E-8F34-C8D3BB1DB3CD}"
EndProject
Global
	GlobalSection(SolutionConfigurationPlatforms) = preSolution
		Debug|Any CPU = Debug|Any CPU
		Release|Any CPU = Release|Any CPU
	EndGlobalSection
	GlobalSection(ProjectConfigurationPlatforms) = postSolution
		{E8E04AB4-8FF9-4665-8173-B6C70E7F49BD}.Debug|Any CPU.ActiveCfg = Debug|Any CPU
		{E8E04AB4-8FF9-4665-8173-B6C70E7F49BD}.Debug|Any CPU.Build.0 = Debug|Any CPU
		{E8E04AB4-8FF9-4665-8173-B6C70E7F49BD}.Release|Any CPU.ActiveCfg = Release|Any CPU
		{E8E04AB4-8FF9-4665-8173-B6C70E7F49BD}.Release|Any CPU.Build.0 = Release|Any CPU
		{116610B1-0B06-4C3E-8F34-C8D3BB1DB3CD}.Debug|Any CPU.ActiveCfg = Debug|Any CPU
		{116610B1-0B06-4C3E-8F34-C8D3BB1DB3CD}.Debug|Any CPU.Build.0 = Debug|Any CPU
		{116610B1-0B06-4C3E-8F34-C8D3BB1DB3CD}.Release|Any CPU.ActiveCfg = Release|Any CPU
		{116610B1-0B06-4C3E-8F34-C8D3BB1DB3CD}.Release|Any CPU.Build.0 = Release|Any CPU
	EndGlobalSection
	GlobalSection(SolutionProperties) = preSolution
		HideSolutionNode = FALSE
	EndGlobalSection
	GlobalSection(ExtensibilityGlobals) = postSolution
		SolutionGuid = {67079676-F07C-4CE2-B211-F61EDCD13C74}
	EndGlobalSection
EndGlobal
